// !$*UTF8*$!
{
	archiveVersion = 1;
	classes = {
	};
	objectVersion = 50;
	objects = {

/* Begin PBXBuildFile section */
		DEA2ED2E24A148A500B49C76 /* AppDelegate.m in Sources */ = {isa = PBXBuildFile; fileRef = DEA2ED2D24A148A500B49C76 /* AppDelegate.m */; };
		DEA2ED3124A148A500B49C76 /* SceneDelegate.m in Sources */ = {isa = PBXBuildFile; fileRef = DEA2ED3024A148A500B49C76 /* SceneDelegate.m */; };
		DEA2ED3724A148A500B49C76 /* Main.storyboard in Resources */ = {isa = PBXBuildFile; fileRef = DEA2ED3524A148A500B49C76 /* Main.storyboard */; };
		DEA2ED3924A148A500B49C76 /* Assets.xcassets in Resources */ = {isa = PBXBuildFile; fileRef = DEA2ED3824A148A500B49C76 /* Assets.xcassets */; };
		DEA2ED3C24A148A500B49C76 /* LaunchScreen.storyboard in Resources */ = {isa = PBXBuildFile; fileRef = DEA2ED3A24A148A500B49C76 /* LaunchScreen.storyboard */; };
		DEA2ED3F24A148A500B49C76 /* main.m in Sources */ = {isa = PBXBuildFile; fileRef = DEA2ED3E24A148A500B49C76 /* main.m */; };
		DEA2ED4C24A149E600B49C76 /* CJHEntry.m in Sources */ = {isa = PBXBuildFile; fileRef = DEA2ED4B24A149E600B49C76 /* CJHEntry.m */; };
		DEA2ED4F24A14DC400B49C76 /* CJHEntryController.m in Sources */ = {isa = PBXBuildFile; fileRef = DEA2ED4E24A14DC400B49C76 /* CJHEntryController.m */; };
		DEA2ED5224A15E9200B49C76 /* CJHEntryListTableViewController.m in Sources */ = {isa = PBXBuildFile; fileRef = DEA2ED5124A15E9200B49C76 /* CJHEntryListTableViewController.m */; };
		DEA2ED5524A15EB200B49C76 /* CJHEntryDetailViewController.m in Sources */ = {isa = PBXBuildFile; fileRef = DEA2ED5424A15EB200B49C76 /* CJHEntryDetailViewController.m */; };
/* End PBXBuildFile section */

/* Begin PBXFileReference section */
		DEA2ED2924A148A500B49C76 /* Jounal-C.app */ = {isa = PBXFileReference; explicitFileType = wrapper.application; includeInIndex = 0; path = "Jounal-C.app"; sourceTree = BUILT_PRODUCTS_DIR; };
		DEA2ED2C24A148A500B49C76 /* AppDelegate.h */ = {isa = PBXFileReference; lastKnownFileType = sourcecode.c.h; path = AppDelegate.h; sourceTree = "<group>"; };
		DEA2ED2D24A148A500B49C76 /* AppDelegate.m */ = {isa = PBXFileReference; lastKnownFileType = sourcecode.c.objc; path = AppDelegate.m; sourceTree = "<group>"; };
		DEA2ED2F24A148A500B49C76 /* SceneDelegate.h */ = {isa = PBXFileReference; lastKnownFileType = sourcecode.c.h; path = SceneDelegate.h; sourceTree = "<group>"; };
		DEA2ED3024A148A500B49C76 /* SceneDelegate.m */ = {isa = PBXFileReference; lastKnownFileType = sourcecode.c.objc; path = SceneDelegate.m; sourceTree = "<group>"; };
		DEA2ED3624A148A500B49C76 /* Base */ = {isa = PBXFileReference; lastKnownFileType = file.storyboard; name = Base; path = Base.lproj/Main.storyboard; sourceTree = "<group>"; };
		DEA2ED3824A148A500B49C76 /* Assets.xcassets */ = {isa = PBXFileReference; lastKnownFileType = folder.assetcatalog; path = Assets.xcassets; sourceTree = "<group>"; };
		DEA2ED3B24A148A500B49C76 /* Base */ = {isa = PBXFileReference; lastKnownFileType = file.storyboard; name = Base; path = Base.lproj/LaunchScreen.storyboard; sourceTree = "<group>"; };
		DEA2ED3D24A148A500B49C76 /* Info.plist */ = {isa = PBXFileReference; lastKnownFileType = text.plist.xml; path = Info.plist; sourceTree = "<group>"; };
		DEA2ED3E24A148A500B49C76 /* main.m */ = {isa = PBXFileReference; lastKnownFileType = sourcecode.c.objc; path = main.m; sourceTree = "<group>"; };
		DEA2ED4A24A149E600B49C76 /* CJHEntry.h */ = {isa = PBXFileReference; lastKnownFileType = sourcecode.c.h; path = CJHEntry.h; sourceTree = "<group>"; };
		DEA2ED4B24A149E600B49C76 /* CJHEntry.m */ = {isa = PBXFileReference; lastKnownFileType = sourcecode.c.objc; path = CJHEntry.m; sourceTree = "<group>"; };
		DEA2ED4D24A14DC400B49C76 /* CJHEntryController.h */ = {isa = PBXFileReference; lastKnownFileType = sourcecode.c.h; path = CJHEntryController.h; sourceTree = "<group>"; };
		DEA2ED4E24A14DC400B49C76 /* CJHEntryController.m */ = {isa = PBXFileReference; lastKnownFileType = sourcecode.c.objc; path = CJHEntryController.m; sourceTree = "<group>"; };
		DEA2ED5024A15E9200B49C76 /* CJHEntryListTableViewController.h */ = {isa = PBXFileReference; lastKnownFileType = sourcecode.c.h; path = CJHEntryListTableViewController.h; sourceTree = "<group>"; };
		DEA2ED5124A15E9200B49C76 /* CJHEntryListTableViewController.m */ = {isa = PBXFileReference; lastKnownFileType = sourcecode.c.objc; path = CJHEntryListTableViewController.m; sourceTree = "<group>"; };
		DEA2ED5324A15EB200B49C76 /* CJHEntryDetailViewController.h */ = {isa = PBXFileReference; lastKnownFileType = sourcecode.c.h; path = CJHEntryDetailViewController.h; sourceTree = "<group>"; };
		DEA2ED5424A15EB200B49C76 /* CJHEntryDetailViewController.m */ = {isa = PBXFileReference; lastKnownFileType = sourcecode.c.objc; path = CJHEntryDetailViewController.m; sourceTree = "<group>"; };
/* End PBXFileReference section */

/* Begin PBXFrameworksBuildPhase section */
		DEA2ED2624A148A500B49C76 /* Frameworks */ = {
			isa = PBXFrameworksBuildPhase;
			buildActionMask = 2147483647;
			files = (
			);
			runOnlyForDeploymentPostprocessing = 0;
		};
/* End PBXFrameworksBuildPhase section */

/* Begin PBXGroup section */
		DEA2ED2024A148A500B49C76 = {
			isa = PBXGroup;
			children = (
				DEA2ED2B24A148A500B49C76 /* Jounal-C */,
				DEA2ED2A24A148A500B49C76 /* Products */,
			);
			sourceTree = "<group>";
		};
		DEA2ED2A24A148A500B49C76 /* Products */ = {
			isa = PBXGroup;
			children = (
				DEA2ED2924A148A500B49C76 /* Jounal-C.app */,
			);
			name = Products;
			sourceTree = "<group>";
		};
		DEA2ED2B24A148A500B49C76 /* Jounal-C */ = {
			isa = PBXGroup;
			children = (
				DEA2ED4724A1492600B49C76 /* Controllers */,
				DEA2ED4624A1491F00B49C76 /* Model */,
				DEA2ED4524A148D900B49C76 /* Resources */,
				DEA2ED3524A148A500B49C76 /* Main.storyboard */,
			);
			path = "Jounal-C";
			sourceTree = "<group>";
		};
		DEA2ED4524A148D900B49C76 /* Resources */ = {
			isa = PBXGroup;
			children = (
				DEA2ED2C24A148A500B49C76 /* AppDelegate.h */,
				DEA2ED2D24A148A500B49C76 /* AppDelegate.m */,
				DEA2ED2F24A148A500B49C76 /* SceneDelegate.h */,
				DEA2ED3024A148A500B49C76 /* SceneDelegate.m */,
				DEA2ED3824A148A500B49C76 /* Assets.xcassets */,
				DEA2ED3A24A148A500B49C76 /* LaunchScreen.storyboard */,
				DEA2ED3D24A148A500B49C76 /* Info.plist */,
				DEA2ED3E24A148A500B49C76 /* main.m */,
			);
			path = Resources;
			sourceTree = "<group>";
		};
		DEA2ED4624A1491F00B49C76 /* Model */ = {
			isa = PBXGroup;
			children = (
				DEA2ED4A24A149E600B49C76 /* CJHEntry.h */,
				DEA2ED4B24A149E600B49C76 /* CJHEntry.m */,
			);
			path = Model;
			sourceTree = "<group>";
		};
		DEA2ED4724A1492600B49C76 /* Controllers */ = {
			isa = PBXGroup;
			children = (
				DEA2ED4924A1493400B49C76 /* ModelController */,
				DEA2ED4824A1492D00B49C76 /* ViewController */,
			);
			path = Controllers;
			sourceTree = "<group>";
		};
		DEA2ED4824A1492D00B49C76 /* ViewController */ = {
			isa = PBXGroup;
			children = (
				DEA2ED5024A15E9200B49C76 /* CJHEntryListTableViewController.h */,
				DEA2ED5124A15E9200B49C76 /* CJHEntryListTableViewController.m */,
				DEA2ED5324A15EB200B49C76 /* CJHEntryDetailViewController.h */,
				DEA2ED5424A15EB200B49C76 /* CJHEntryDetailViewController.m */,
			);
			path = ViewController;
			sourceTree = "<group>";
		};
		DEA2ED4924A1493400B49C76 /* ModelController */ = {
			isa = PBXGroup;
			children = (
				DEA2ED4D24A14DC400B49C76 /* CJHEntryController.h */,
				DEA2ED4E24A14DC400B49C76 /* CJHEntryController.m */,
			);
			path = ModelController;
			sourceTree = "<group>";
		};
/* End PBXGroup section */

/* Begin PBXNativeTarget section */
		DEA2ED2824A148A500B49C76 /* Jounal-C */ = {
			isa = PBXNativeTarget;
			buildConfigurationList = DEA2ED4224A148A500B49C76 /* Build configuration list for PBXNativeTarget "Jounal-C" */;
			buildPhases = (
				DEA2ED2524A148A500B49C76 /* Sources */,
				DEA2ED2624A148A500B49C76 /* Frameworks */,
				DEA2ED2724A148A500B49C76 /* Resources */,
			);
			buildRules = (
			);
			dependencies = (
			);
			name = "Jounal-C";
			productName = "Jounal-C";
			productReference = DEA2ED2924A148A500B49C76 /* Jounal-C.app */;
			productType = "com.apple.product-type.application";
		};
/* End PBXNativeTarget section */

/* Begin PBXProject section */
		DEA2ED2124A148A500B49C76 /* Project object */ = {
			isa = PBXProject;
			attributes = {
				CLASSPREFIX = CJH;
				LastUpgradeCheck = 1150;
				ORGANIZATIONNAME = "Connor Holland";
				TargetAttributes = {
					DEA2ED2824A148A500B49C76 = {
						CreatedOnToolsVersion = 11.5;
					};
				};
			};
			buildConfigurationList = DEA2ED2424A148A500B49C76 /* Build configuration list for PBXProject "Jounal-C" */;
			compatibilityVersion = "Xcode 9.3";
			developmentRegion = en;
			hasScannedForEncodings = 0;
			knownRegions = (
				en,
				Base,
			);
			mainGroup = DEA2ED2024A148A500B49C76;
			productRefGroup = DEA2ED2A24A148A500B49C76 /* Products */;
			projectDirPath = "";
			projectRoot = "";
			targets = (
				DEA2ED2824A148A500B49C76 /* Jounal-C */,
			);
		};
/* End PBXProject section */

/* Begin PBXResourcesBuildPhase section */
		DEA2ED2724A148A500B49C76 /* Resources */ = {
			isa = PBXResourcesBuildPhase;
			buildActionMask = 2147483647;
			files = (
				DEA2ED3C24A148A500B49C76 /* LaunchScreen.storyboard in Resources */,
				DEA2ED3924A148A500B49C76 /* Assets.xcassets in Resources */,
				DEA2ED3724A148A500B49C76 /* Main.storyboard in Resources */,
			);
			runOnlyForDeploymentPostprocessing = 0;
		};
/* End PBXResourcesBuildPhase section */

/* Begin PBXSourcesBuildPhase section */
		DEA2ED2524A148A500B49C76 /* Sources */ = {
			isa = PBXSourcesBuildPhase;
			buildActionMask = 2147483647;
			files = (
				DEA2ED4F24A14DC400B49C76 /* CJHEntryController.m in Sources */,
				DEA2ED5524A15EB200B49C76 /* CJHEntryDetailViewController.m in Sources */,
				DEA2ED4C24A149E600B49C76 /* CJHEntry.m in Sources */,
				DEA2ED2E24A148A500B49C76 /* AppDelegate.m in Sources */,
				DEA2ED5224A15E9200B49C76 /* CJHEntryListTableViewController.m in Sources */,
				DEA2ED3F24A148A500B49C76 /* main.m in Sources */,
				DEA2ED3124A148A500B49C76 /* SceneDelegate.m in Sources */,
			);
			runOnlyForDeploymentPostprocessing = 0;
		};
/* End PBXSourcesBuildPhase section */

/* Begin PBXVariantGroup section */
		DEA2ED3524A148A500B49C76 /* Main.storyboard */ = {
			isa = PBXVariantGroup;
			children = (
				DEA2ED3624A148A500B49C76 /* Base */,
			);
			name = Main.storyboard;
			sourceTree = "<group>";
		};
		DEA2ED3A24A148A500B49C76 /* LaunchScreen.storyboard */ = {
			isa = PBXVariantGroup;
			children = (
				DEA2ED3B24A148A500B49C76 /* Base */,
			);
			name = LaunchScreen.storyboard;
			sourceTree = "<group>";
		};
/* End PBXVariantGroup section */

/* Begin XCBuildConfiguration section */
		DEA2ED4024A148A500B49C76 /* Debug */ = {
			isa = XCBuildConfiguration;
			buildSettings = {
				ALWAYS_SEARCH_USER_PATHS = NO;
				CLANG_ANALYZER_NONNULL = YES;
				CLANG_ANALYZER_NUMBER_OBJECT_CONVERSION = YES_AGGRESSIVE;
				CLANG_CXX_LANGUAGE_STANDARD = "gnu++14";
				CLANG_CXX_LIBRARY = "libc++";
				CLANG_ENABLE_MODULES = YES;
				CLANG_ENABLE_OBJC_ARC = YES;
				CLANG_ENABLE_OBJC_WEAK = YES;
				CLANG_WARN_BLOCK_CAPTURE_AUTORELEASING = YES;
				CLANG_WARN_BOOL_CONVERSION = YES;
				CLANG_WARN_COMMA = YES;
				CLANG_WARN_CONSTANT_CONVERSION = YES;
				CLANG_WARN_DEPRECATED_OBJC_IMPLEMENTATIONS = YES;
				CLANG_WARN_DIRECT_OBJC_ISA_USAGE = YES_ERROR;
				CLANG_WARN_DOCUMENTATION_COMMENTS = YES;
				CLANG_WARN_EMPTY_BODY = YES;
				CLANG_WARN_ENUM_CONVERSION = YES;
				CLANG_WARN_INFINITE_RECURSION = YES;
				CLANG_WARN_INT_CONVERSION = YES;
				CLANG_WARN_NON_LITERAL_NULL_CONVERSION = YES;
				CLANG_WARN_OBJC_IMPLICIT_RETAIN_SELF = YES;
				CLANG_WARN_OBJC_LITERAL_CONVERSION = YES;
				CLANG_WARN_OBJC_ROOT_CLASS = YES_ERROR;
				CLANG_WARN_RANGE_LOOP_ANALYSIS = YES;
				CLANG_WARN_STRICT_PROTOTYPES = YES;
				CLANG_WARN_SUSPICIOUS_MOVE = YES;
				CLANG_WARN_UNGUARDED_AVAILABILITY = YES_AGGRESSIVE;
				CLANG_WARN_UNREACHABLE_CODE = YES;
				CLANG_WARN__DUPLICATE_METHOD_MATCH = YES;
				COPY_PHASE_STRIP = NO;
				DEBUG_INFORMATION_FORMAT = dwarf;
				ENABLE_STRICT_OBJC_MSGSEND = YES;
				ENABLE_TESTABILITY = YES;
				GCC_C_LANGUAGE_STANDARD = gnu11;
				GCC_DYNAMIC_NO_PIC = NO;
				GCC_NO_COMMON_BLOCKS = YES;
				GCC_OPTIMIZATION_LEVEL = 0;
				GCC_PREPROCESSOR_DEFINITIONS = (
					"DEBUG=1",
					"$(inherited)",
				);
				GCC_WARN_64_TO_32_BIT_CONVERSION = YES;
				GCC_WARN_ABOUT_RETURN_TYPE = YES_ERROR;
				GCC_WARN_UNDECLARED_SELECTOR = YES;
				GCC_WARN_UNINITIALIZED_AUTOS = YES_AGGRESSIVE;
				GCC_WARN_UNUSED_FUNCTION = YES;
				GCC_WARN_UNUSED_VARIABLE = YES;
				IPHONEOS_DEPLOYMENT_TARGET = 13.5;
				MTL_ENABLE_DEBUG_INFO = INCLUDE_SOURCE;
				MTL_FAST_MATH = YES;
				ONLY_ACTIVE_ARCH = YES;
				SDKROOT = iphoneos;
			};
			name = Debug;
		};
		DEA2ED4124A148A500B49C76 /* Release */ = {
			isa = XCBuildConfiguration;
			buildSettings = {
				ALWAYS_SEARCH_USER_PATHS = NO;
				CLANG_ANALYZER_NONNULL = YES;
				CLANG_ANALYZER_NUMBER_OBJECT_CONVERSION = YES_AGGRESSIVE;
				CLANG_CXX_LANGUAGE_STANDARD = "gnu++14";
				CLANG_CXX_LIBRARY = "libc++";
				CLANG_ENABLE_MODULES = YES;
				CLANG_ENABLE_OBJC_ARC = YES;
				CLANG_ENABLE_OBJC_WEAK = YES;
				CLANG_WARN_BLOCK_CAPTURE_AUTORELEASING = YES;
				CLANG_WARN_BOOL_CONVERSION = YES;
				CLANG_WARN_COMMA = YES;
				CLANG_WARN_CONSTANT_CONVERSION = YES;
				CLANG_WARN_DEPRECATED_OBJC_IMPLEMENTATIONS = YES;
				CLANG_WARN_DIRECT_OBJC_ISA_USAGE = YES_ERROR;
				CLANG_WARN_DOCUMENTATION_COMMENTS = YES;
				CLANG_WARN_EMPTY_BODY = YES;
				CLANG_WARN_ENUM_CONVERSION = YES;
				CLANG_WARN_INFINITE_RECURSION = YES;
				CLANG_WARN_INT_CONVERSION = YES;
				CLANG_WARN_NON_LITERAL_NULL_CONVERSION = YES;
				CLANG_WARN_OBJC_IMPLICIT_RETAIN_SELF = YES;
				CLANG_WARN_OBJC_LITERAL_CONVERSION = YES;
				CLANG_WARN_OBJC_ROOT_CLASS = YES_ERROR;
				CLANG_WARN_RANGE_LOOP_ANALYSIS = YES;
				CLANG_WARN_STRICT_PROTOTYPES = YES;
				CLANG_WARN_SUSPICIOUS_MOVE = YES;
				CLANG_WARN_UNGUARDED_AVAILABILITY = YES_AGGRESSIVE;
				CLANG_WARN_UNREACHABLE_CODE = YES;
				CLANG_WARN__DUPLICATE_METHOD_MATCH = YES;
				COPY_PHASE_STRIP = NO;
				DEBUG_INFORMATION_FORMAT = "dwarf-with-dsym";
				ENABLE_NS_ASSERTIONS = NO;
				ENABLE_STRICT_OBJC_MSGSEND = YES;
				GCC_C_LANGUAGE_STANDARD = gnu11;
				GCC_NO_COMMON_BLOCKS = YES;
				GCC_WARN_64_TO_32_BIT_CONVERSION = YES;
				GCC_WARN_ABOUT_RETURN_TYPE = YES_ERROR;
				GCC_WARN_UNDECLARED_SELECTOR = YES;
				GCC_WARN_UNINITIALIZED_AUTOS = YES_AGGRESSIVE;
				GCC_WARN_UNUSED_FUNCTION = YES;
				GCC_WARN_UNUSED_VARIABLE = YES;
				IPHONEOS_DEPLOYMENT_TARGET = 13.5;
				MTL_ENABLE_DEBUG_INFO = NO;
				MTL_FAST_MATH = YES;
				SDKROOT = iphoneos;
				VALIDATE_PRODUCT = YES;
			};
			name = Release;
		};
		DEA2ED4324A148A500B49C76 /* Debug */ = {
			isa = XCBuildConfiguration;
			buildSettings = {
				ASSETCATALOG_COMPILER_APPICON_NAME = AppIcon;
				CODE_SIGN_STYLE = Automatic;
				DEVELOPMENT_TEAM = 265HY58XK9;
				INFOPLIST_FILE = "Jounal-C/Resources/Info.plist";
				LD_RUNPATH_SEARCH_PATHS = (
					"$(inherited)",
					"@executable_path/Frameworks",
				);
				PRODUCT_BUNDLE_IDENTIFIER = "com.connorholland.Jounal-C";
				PRODUCT_NAME = "$(TARGET_NAME)";
				TARGETED_DEVICE_FAMILY = "1,2";
			};
			name = Debug;
		};
		DEA2ED4424A148A500B49C76 /* Release */ = {
			isa = XCBuildConfiguration;
			buildSettings = {
				ASSETCATALOG_COMPILER_APPICON_NAME = AppIcon;
				CODE_SIGN_STYLE = Automatic;
				DEVELOPMENT_TEAM = 265HY58XK9;
				INFOPLIST_FILE = "Jounal-C/Resources/Info.plist";
				LD_RUNPATH_SEARCH_PATHS = (
					"$(inherited)",
					"@executable_path/Frameworks",
				);
				PRODUCT_BUNDLE_IDENTIFIER = "com.connorholland.Jounal-C";
				PRODUCT_NAME = "$(TARGET_NAME)";
				TARGETED_DEVICE_FAMILY = "1,2";
			};
			name = Release;
		};
/* End XCBuildConfiguration section */

/* Begin XCConfigurationList section */
		DEA2ED2424A148A500B49C76 /* Build configuration list for PBXProject "Jounal-C" */ = {
			isa = XCConfigurationList;
			buildConfigurations = (
				DEA2ED4024A148A500B49C76 /* Debug */,
				DEA2ED4124A148A500B49C76 /* Release */,
			);
			defaultConfigurationIsVisible = 0;
			defaultConfigurationName = Release;
		};
		DEA2ED4224A148A500B49C76 /* Build configuration list for PBXNativeTarget "Jounal-C" */ = {
			isa = XCConfigurationList;
			buildConfigurations = (
				DEA2ED4324A148A500B49C76 /* Debug */,
				DEA2ED4424A148A500B49C76 /* Release */,
			);
			defaultConfigurationIsVisible = 0;
			defaultConfigurationName = Release;
		};
/* End XCConfigurationList section */
	};
	rootObject = DEA2ED2124A148A500B49C76 /* Project object */;
}
